
Microsoft Visual Studio Solution File, Format Version 12.00
# Visual Studio Version 17
VisualStudioVersion = 17.5.33502.453
MinimumVisualStudioVersion = 10.0.40219.1
Project("{FAE04EC0-301F-11D3-BF4B-00C04F79EFBC}") = "CinemaSolution.Data", "CinemaSolution.Data\CinemaSolution.Data.csproj", "{AFBDA2D3-8559-4F5B-A6BD-C4EC36C3D4B8}"
EndProject
Project("{FAE04EC0-301F-11D3-BF4B-00C04F79EFBC}") = "CinemaSolution.Application", "CinemaSolution.Application\CinemaSolution.Application.csproj", "{D95E3ED0-1F4C-4606-97D9-0EA64AA3165B}"
EndProject
Project("{2150E333-8FDC-42A3-9474-1A3956D46DE8}") = "2. Domain", "2. Domain", "{F82D145F-A9CF-4E34-8DB2-F3CA609C7C96}"
EndProject
Project("{2150E333-8FDC-42A3-9474-1A3956D46DE8}") = "1. Infrastructure", "1. Infrastructure", "{24C382C2-9867-48D4-8D2C-90F733EFF977}"
EndProject
Project("{FAE04EC0-301F-11D3-BF4B-00C04F79EFBC}") = "CinemaSolution.Common", "CinemaSolution.Common\CinemaSolution.Common.csproj", "{D6125B96-CEE7-475D-B287-E80C7CB6AA8F}"
EndProject
Project("{FAE04EC0-301F-11D3-BF4B-00C04F79EFBC}") = "CinemaSolution.ViewModels", "CinemaSolution.ViewModels\CinemaSolution.ViewModels.csproj", "{FE092B52-0BEF-4A1F-89A5-14E7A97FA093}"
EndProject
Project("{2150E333-8FDC-42A3-9474-1A3956D46DE8}") = "3. Hosts", "3. Hosts", "{66B618E0-124E-4AE8-A386-AE70D56C15FA}"
EndProject
Project("{FAE04EC0-301F-11D3-BF4B-00C04F79EFBC}") = "CinemaSolution.BackendApi", "CinemaSolution.BackendApi\CinemaSolution.BackendApi.csproj", "{E83B2E2A-7D09-4202-97E9-CE779290E7F0}"
EndProject
Project("{2150E333-8FDC-42A3-9474-1A3956D46DE8}") = "Solution Items", "Solution Items", "{249A2B8E-7F9F-444D-BD21-528FF0110C63}"
	ProjectSection(SolutionItems) = preProject
		readme.md = readme.md
	EndProjectSection
EndProject
Global
	GlobalSection(SolutionConfigurationPlatforms) = preSolution
		Debug|Any CPU = Debug|Any CPU
		Release|Any CPU = Release|Any CPU
	EndGlobalSection
	GlobalSection(ProjectConfigurationPlatforms) = postSolution
		{AFBDA2D3-8559-4F5B-A6BD-C4EC36C3D4B8}.Debug|Any CPU.ActiveCfg = Debug|Any CPU
		{AFBDA2D3-8559-4F5B-A6BD-C4EC36C3D4B8}.Debug|Any CPU.Build.0 = Debug|Any CPU
		{AFBDA2D3-8559-4F5B-A6BD-C4EC36C3D4B8}.Release|Any CPU.ActiveCfg = Release|Any CPU
		{AFBDA2D3-8559-4F5B-A6BD-C4EC36C3D4B8}.Release|Any CPU.Build.0 = Release|Any CPU
		{D95E3ED0-1F4C-4606-97D9-0EA64AA3165B}.Debug|Any CPU.ActiveCfg = Debug|Any CPU
		{D95E3ED0-1F4C-4606-97D9-0EA64AA3165B}.Debug|Any CPU.Build.0 = Debug|Any CPU
		{D95E3ED0-1F4C-4606-97D9-0EA64AA3165B}.Release|Any CPU.ActiveCfg = Release|Any CPU
		{D95E3ED0-1F4C-4606-97D9-0EA64AA3165B}.Release|Any CPU.Build.0 = Release|Any CPU
		{D6125B96-CEE7-475D-B287-E80C7CB6AA8F}.Debug|Any CPU.ActiveCfg = Debug|Any CPU
		{D6125B96-CEE7-475D-B287-E80C7CB6AA8F}.Debug|Any CPU.Build.0 = Debug|Any CPU
		{D6125B96-CEE7-475D-B287-E80C7CB6AA8F}.Release|Any CPU.ActiveCfg = Release|Any CPU
		{D6125B96-CEE7-475D-B287-E80C7CB6AA8F}.Release|Any CPU.Build.0 = Release|Any CPU
		{FE092B52-0BEF-4A1F-89A5-14E7A97FA093}.Debug|Any CPU.ActiveCfg = Debug|Any CPU
		{FE092B52-0BEF-4A1F-89A5-14E7A97FA093}.Debug|Any CPU.Build.0 = Debug|Any CPU
		{FE092B52-0BEF-4A1F-89A5-14E7A97FA093}.Release|Any CPU.ActiveCfg = Release|Any CPU
		{FE092B52-0BEF-4A1F-89A5-14E7A97FA093}.Release|Any CPU.Build.0 = Release|Any CPU
		{E83B2E2A-7D09-4202-97E9-CE779290E7F0}.Debug|Any CPU.ActiveCfg = Debug|Any CPU
		{E83B2E2A-7D09-4202-97E9-CE779290E7F0}.Debug|Any CPU.Build.0 = Debug|Any CPU
		{E83B2E2A-7D09-4202-97E9-CE779290E7F0}.Release|Any CPU.ActiveCfg = Release|Any CPU
		{E83B2E2A-7D09-4202-97E9-CE779290E7F0}.Release|Any CPU.Build.0 = Release|Any CPU
	EndGlobalSection
	GlobalSection(SolutionProperties) = preSolution
		HideSolutionNode = FALSE
	EndGlobalSection
	GlobalSection(NestedProjects) = preSolution
		{AFBDA2D3-8559-4F5B-A6BD-C4EC36C3D4B8} = {F82D145F-A9CF-4E34-8DB2-F3CA609C7C96}
		{D95E3ED0-1F4C-4606-97D9-0EA64AA3165B} = {F82D145F-A9CF-4E34-8DB2-F3CA609C7C96}
		{D6125B96-CEE7-475D-B287-E80C7CB6AA8F} = {24C382C2-9867-48D4-8D2C-90F733EFF977}
		{FE092B52-0BEF-4A1F-89A5-14E7A97FA093} = {24C382C2-9867-48D4-8D2C-90F733EFF977}
		{E83B2E2A-7D09-4202-97E9-CE779290E7F0} = {66B618E0-124E-4AE8-A386-AE70D56C15FA}
	EndGlobalSection
	GlobalSection(ExtensibilityGlobals) = postSolution
		SolutionGuid = {B4549099-852C-4C08-96C1-594BCF3AB767}
	EndGlobalSection
EndGlobal
